
Microsoft Visual Studio Solution File, Format Version 12.00
# Visual Studio Version 16
VisualStudioVersion = 16.0.31019.35
MinimumVisualStudioVersion = 10.0.40219.1
Project("{9A19103F-16F7-4668-BE54-9A1E7A4F7556}") = "WebService", "WebService\WebService.csproj", "{BC73FC12-3800-4CDA-B61C-9B4691E258E3}"
EndProject
Project("{9A19103F-16F7-4668-BE54-9A1E7A4F7556}") = "WebLabsV05.DAL", "WebLabsV05.DAL\WebLabsV05.DAL.csproj", "{D9F5C2E2-389E-468D-B7E1-43115E350D93}"
EndProject
Project("{9A19103F-16F7-4668-BE54-9A1E7A4F7556}") = "WebService.Tests", "WebService.Tests\WebService.Tests.csproj", "{18248366-F82D-41E6-AD84-CC021187B0C5}"
EndProject
Project("{FAE04EC0-301F-11D3-BF4B-00C04F79EFBC}") = "WebService.Blazor", "WebService.Blazor\WebService.Blazor.csproj", "{C3AAF939-D7D9-43E0-B949-B24BADD4C7DE}"
EndProject
Global
	GlobalSection(SolutionConfigurationPlatforms) = preSolution
		Debug|Any CPU = Debug|Any CPU
		Release|Any CPU = Release|Any CPU
	EndGlobalSection
	GlobalSection(ProjectConfigurationPlatforms) = postSolution
		{BC73FC12-3800-4CDA-B61C-9B4691E258E3}.Debug|Any CPU.ActiveCfg = Debug|Any CPU
		{BC73FC12-3800-4CDA-B61C-9B4691E258E3}.Debug|Any CPU.Build.0 = Debug|Any CPU
		{BC73FC12-3800-4CDA-B61C-9B4691E258E3}.Release|Any CPU.ActiveCfg = Release|Any CPU
		{BC73FC12-3800-4CDA-B61C-9B4691E258E3}.Release|Any CPU.Build.0 = Release|Any CPU
		{D9F5C2E2-389E-468D-B7E1-43115E350D93}.Debug|Any CPU.ActiveCfg = Debug|Any CPU
		{D9F5C2E2-389E-468D-B7E1-43115E350D93}.Debug|Any CPU.Build.0 = Debug|Any CPU
		{D9F5C2E2-389E-468D-B7E1-43115E350D93}.Release|Any CPU.ActiveCfg = Release|Any CPU
		{D9F5C2E2-389E-468D-B7E1-43115E350D93}.Release|Any CPU.Build.0 = Release|Any CPU
		{18248366-F82D-41E6-AD84-CC021187B0C5}.Debug|Any CPU.ActiveCfg = Debug|Any CPU
		{18248366-F82D-41E6-AD84-CC021187B0C5}.Debug|Any CPU.Build.0 = Debug|Any CPU
		{18248366-F82D-41E6-AD84-CC021187B0C5}.Release|Any CPU.ActiveCfg = Release|Any CPU
		{18248366-F82D-41E6-AD84-CC021187B0C5}.Release|Any CPU.Build.0 = Release|Any CPU
		{C3AAF939-D7D9-43E0-B949-B24BADD4C7DE}.Debug|Any CPU.ActiveCfg = Debug|Any CPU
		{C3AAF939-D7D9-43E0-B949-B24BADD4C7DE}.Debug|Any CPU.Build.0 = Debug|Any CPU
		{C3AAF939-D7D9-43E0-B949-B24BADD4C7DE}.Release|Any CPU.ActiveCfg = Release|Any CPU
		{C3AAF939-D7D9-43E0-B949-B24BADD4C7DE}.Release|Any CPU.Build.0 = Release|Any CPU
	EndGlobalSection
	GlobalSection(SolutionProperties) = preSolution
		HideSolutionNode = FALSE
	EndGlobalSection
	GlobalSection(ExtensibilityGlobals) = postSolution
		SolutionGuid = {685DFC91-B592-4253-AD39-F0B9BC290183}
	EndGlobalSection
EndGlobal
